// !$*UTF8*$!
{
	archiveVersion = 1;
	classes = {
	};
	objectVersion = 50;
	objects = {

/* Begin PBXBuildFile section */
		21F2314D25D1A7270054F3C0 /* ExampleHealthKit WatchKit App.app in Embed Watch Content */ = {isa = PBXBuildFile; fileRef = 21F2314C25D1A7270054F3C0 /* ExampleHealthKit WatchKit App.app */; settings = {ATTRIBUTES = (RemoveHeadersOnCopy, ); }; };
		21F2315225D1A7290054F3C0 /* Assets.xcassets in Resources */ = {isa = PBXBuildFile; fileRef = 21F2315125D1A7290054F3C0 /* Assets.xcassets */; };
		21F2315925D1A7290054F3C0 /* ExampleHealthKit WatchKit Extension.appex in Embed App Extensions */ = {isa = PBXBuildFile; fileRef = 21F2315825D1A7290054F3C0 /* ExampleHealthKit WatchKit Extension.appex */; settings = {ATTRIBUTES = (RemoveHeadersOnCopy, ); }; };
		21F2315E25D1A7290054F3C0 /* ContentView.swift in Sources */ = {isa = PBXBuildFile; fileRef = 21F2315D25D1A7290054F3C0 /* ContentView.swift */; };
		21F2316025D1A7290054F3C0 /* ExampleHealthKitApp.swift in Sources */ = {isa = PBXBuildFile; fileRef = 21F2315F25D1A7290054F3C0 /* ExampleHealthKitApp.swift */; };
		21F2316225D1A7290054F3C0 /* ComplicationController.swift in Sources */ = {isa = PBXBuildFile; fileRef = 21F2316125D1A7290054F3C0 /* ComplicationController.swift */; };
		21F2316425D1A72A0054F3C0 /* Assets.xcassets in Resources */ = {isa = PBXBuildFile; fileRef = 21F2316325D1A72A0054F3C0 /* Assets.xcassets */; };
		21F2316725D1A72A0054F3C0 /* Preview Assets.xcassets in Resources */ = {isa = PBXBuildFile; fileRef = 21F2316625D1A72A0054F3C0 /* Preview Assets.xcassets */; };
		21F2317E25D1AB7B0054F3C0 /* HealthKit.framework in Frameworks */ = {isa = PBXBuildFile; fileRef = 21F2317D25D1AB7B0054F3C0 /* HealthKit.framework */; };
		21F2319325D28F1E0054F3C0 /* StepList.swift in Sources */ = {isa = PBXBuildFile; fileRef = 21F2319225D28F1E0054F3C0 /* StepList.swift */; };
/* End PBXBuildFile section */

/* Begin PBXContainerItemProxy section */
		21F2314E25D1A7270054F3C0 /* PBXContainerItemProxy */ = {
			isa = PBXContainerItemProxy;
			containerPortal = 21F2314225D1A7270054F3C0 /* Project object */;
			proxyType = 1;
			remoteGlobalIDString = 21F2314B25D1A7270054F3C0;
			remoteInfo = "ExampleHealthKit WatchKit App";
		};
		21F2315A25D1A7290054F3C0 /* PBXContainerItemProxy */ = {
			isa = PBXContainerItemProxy;
			containerPortal = 21F2314225D1A7270054F3C0 /* Project object */;
			proxyType = 1;
			remoteGlobalIDString = 21F2315725D1A7290054F3C0;
			remoteInfo = "ExampleHealthKit WatchKit Extension";
		};
/* End PBXContainerItemProxy section */

/* Begin PBXCopyFilesBuildPhase section */
		21F2316E25D1A72A0054F3C0 /* Embed App Extensions */ = {
			isa = PBXCopyFilesBuildPhase;
			buildActionMask = 2147483647;
			dstPath = "";
			dstSubfolderSpec = 13;
			files = (
				21F2315925D1A7290054F3C0 /* ExampleHealthKit WatchKit Extension.appex in Embed App Extensions */,
			);
			name = "Embed App Extensions";
			runOnlyForDeploymentPostprocessing = 0;
		};
		21F2317225D1A72A0054F3C0 /* Embed Watch Content */ = {
			isa = PBXCopyFilesBuildPhase;
			buildActionMask = 2147483647;
			dstPath = "$(CONTENTS_FOLDER_PATH)/Watch";
			dstSubfolderSpec = 16;
			files = (
				21F2314D25D1A7270054F3C0 /* ExampleHealthKit WatchKit App.app in Embed Watch Content */,
			);
			name = "Embed Watch Content";
			runOnlyForDeploymentPostprocessing = 0;
		};
/* End PBXCopyFilesBuildPhase section */

/* Begin PBXFileReference section */
		21F2314825D1A7270054F3C0 /* ExampleHealthKit.app */ = {isa = PBXFileReference; explicitFileType = wrapper.application; includeInIndex = 0; path = ExampleHealthKit.app; sourceTree = BUILT_PRODUCTS_DIR; };
		21F2314C25D1A7270054F3C0 /* ExampleHealthKit WatchKit App.app */ = {isa = PBXFileReference; explicitFileType = wrapper.application; includeInIndex = 0; path = "ExampleHealthKit WatchKit App.app"; sourceTree = BUILT_PRODUCTS_DIR; };
		21F2315125D1A7290054F3C0 /* Assets.xcassets */ = {isa = PBXFileReference; lastKnownFileType = folder.assetcatalog; path = Assets.xcassets; sourceTree = "<group>"; };
		21F2315325D1A7290054F3C0 /* Info.plist */ = {isa = PBXFileReference; lastKnownFileType = text.plist.xml; path = Info.plist; sourceTree = "<group>"; };
		21F2315825D1A7290054F3C0 /* ExampleHealthKit WatchKit Extension.appex */ = {isa = PBXFileReference; explicitFileType = "wrapper.app-extension"; includeInIndex = 0; path = "ExampleHealthKit WatchKit Extension.appex"; sourceTree = BUILT_PRODUCTS_DIR; };
		21F2315D25D1A7290054F3C0 /* ContentView.swift */ = {isa = PBXFileReference; lastKnownFileType = sourcecode.swift; path = ContentView.swift; sourceTree = "<group>"; };
		21F2315F25D1A7290054F3C0 /* ExampleHealthKitApp.swift */ = {isa = PBXFileReference; lastKnownFileType = sourcecode.swift; path = ExampleHealthKitApp.swift; sourceTree = "<group>"; };
		21F2316125D1A7290054F3C0 /* ComplicationController.swift */ = {isa = PBXFileReference; lastKnownFileType = sourcecode.swift; path = ComplicationController.swift; sourceTree = "<group>"; };
		21F2316325D1A72A0054F3C0 /* Assets.xcassets */ = {isa = PBXFileReference; lastKnownFileType = folder.assetcatalog; path = Assets.xcassets; sourceTree = "<group>"; };
		21F2316625D1A72A0054F3C0 /* Preview Assets.xcassets */ = {isa = PBXFileReference; lastKnownFileType = folder.assetcatalog; path = "Preview Assets.xcassets"; sourceTree = "<group>"; };
		21F2316825D1A72A0054F3C0 /* Info.plist */ = {isa = PBXFileReference; lastKnownFileType = text.plist.xml; path = Info.plist; sourceTree = "<group>"; };
		21F2317B25D1AB7B0054F3C0 /* ExampleHealthKit WatchKit Extension.entitlements */ = {isa = PBXFileReference; lastKnownFileType = text.plist.entitlements; path = "ExampleHealthKit WatchKit Extension.entitlements"; sourceTree = "<group>"; };
		21F2317D25D1AB7B0054F3C0 /* HealthKit.framework */ = {isa = PBXFileReference; lastKnownFileType = wrapper.framework; name = HealthKit.framework; path = Platforms/WatchOS.platform/Developer/SDKs/WatchOS7.2.sdk/System/Library/Frameworks/HealthKit.framework; sourceTree = DEVELOPER_DIR; };
		21F2319225D28F1E0054F3C0 /* StepList.swift */ = {isa = PBXFileReference; lastKnownFileType = sourcecode.swift; path = StepList.swift; sourceTree = "<group>"; };
/* End PBXFileReference section */

/* Begin PBXFrameworksBuildPhase section */
		21F2315525D1A7290054F3C0 /* Frameworks */ = {
			isa = PBXFrameworksBuildPhase;
			buildActionMask = 2147483647;
			files = (
				21F2317E25D1AB7B0054F3C0 /* HealthKit.framework in Frameworks */,
			);
			runOnlyForDeploymentPostprocessing = 0;
		};
/* End PBXFrameworksBuildPhase section */

/* Begin PBXGroup section */
		21F2314125D1A7270054F3C0 = {
			isa = PBXGroup;
			children = (
				21F2315025D1A7270054F3C0 /* ExampleHealthKit WatchKit App */,
				21F2315C25D1A7290054F3C0 /* ExampleHealthKit WatchKit Extension */,
				21F2314925D1A7270054F3C0 /* Products */,
				21F2317C25D1AB7B0054F3C0 /* Frameworks */,
			);
			sourceTree = "<group>";
		};
		21F2314925D1A7270054F3C0 /* Products */ = {
			isa = PBXGroup;
			children = (
				21F2314825D1A7270054F3C0 /* ExampleHealthKit.app */,
				21F2314C25D1A7270054F3C0 /* ExampleHealthKit WatchKit App.app */,
				21F2315825D1A7290054F3C0 /* ExampleHealthKit WatchKit Extension.appex */,
			);
			name = Products;
			sourceTree = "<group>";
		};
		21F2315025D1A7270054F3C0 /* ExampleHealthKit WatchKit App */ = {
			isa = PBXGroup;
			children = (
				21F2315125D1A7290054F3C0 /* Assets.xcassets */,
				21F2315325D1A7290054F3C0 /* Info.plist */,
			);
			path = "ExampleHealthKit WatchKit App";
			sourceTree = "<group>";
		};
		21F2315C25D1A7290054F3C0 /* ExampleHealthKit WatchKit Extension */ = {
			isa = PBXGroup;
			children = (
				21F2319125D28EDE0054F3C0 /* Models */,
				21F2317B25D1AB7B0054F3C0 /* ExampleHealthKit WatchKit Extension.entitlements */,
				21F2315D25D1A7290054F3C0 /* ContentView.swift */,
				21F2315F25D1A7290054F3C0 /* ExampleHealthKitApp.swift */,
				21F2316125D1A7290054F3C0 /* ComplicationController.swift */,
				21F2316325D1A72A0054F3C0 /* Assets.xcassets */,
				21F2316825D1A72A0054F3C0 /* Info.plist */,
				21F2316525D1A72A0054F3C0 /* Preview Content */,
			);
			path = "ExampleHealthKit WatchKit Extension";
			sourceTree = "<group>";
		};
		21F2316525D1A72A0054F3C0 /* Preview Content */ = {
			isa = PBXGroup;
			children = (
				21F2316625D1A72A0054F3C0 /* Preview Assets.xcassets */,
			);
			path = "Preview Content";
			sourceTree = "<group>";
		};
		21F2317C25D1AB7B0054F3C0 /* Frameworks */ = {
			isa = PBXGroup;
			children = (
				21F2317D25D1AB7B0054F3C0 /* HealthKit.framework */,
			);
			name = Frameworks;
			sourceTree = "<group>";
		};
		21F2319125D28EDE0054F3C0 /* Models */ = {
			isa = PBXGroup;
			children = (
				21F2319225D28F1E0054F3C0 /* StepList.swift */,
			);
			path = Models;
			sourceTree = "<group>";
		};
/* End PBXGroup section */

/* Begin PBXNativeTarget section */
		21F2314725D1A7270054F3C0 /* ExampleHealthKit */ = {
			isa = PBXNativeTarget;
			buildConfigurationList = 21F2317325D1A72A0054F3C0 /* Build configuration list for PBXNativeTarget "ExampleHealthKit" */;
			buildPhases = (
				21F2314625D1A7270054F3C0 /* Resources */,
				21F2317225D1A72A0054F3C0 /* Embed Watch Content */,
			);
			buildRules = (
			);
			dependencies = (
				21F2314F25D1A7270054F3C0 /* PBXTargetDependency */,
			);
			name = ExampleHealthKit;
			productName = ExampleHealthKit;
			productReference = 21F2314825D1A7270054F3C0 /* ExampleHealthKit.app */;
			productType = "com.apple.product-type.application.watchapp2-container";
		};
		21F2314B25D1A7270054F3C0 /* ExampleHealthKit WatchKit App */ = {
			isa = PBXNativeTarget;
			buildConfigurationList = 21F2316F25D1A72A0054F3C0 /* Build configuration list for PBXNativeTarget "ExampleHealthKit WatchKit App" */;
			buildPhases = (
				21F2314A25D1A7270054F3C0 /* Resources */,
				21F2316E25D1A72A0054F3C0 /* Embed App Extensions */,
			);
			buildRules = (
			);
			dependencies = (
				21F2315B25D1A7290054F3C0 /* PBXTargetDependency */,
			);
			name = "ExampleHealthKit WatchKit App";
			productName = "ExampleHealthKit WatchKit App";
			productReference = 21F2314C25D1A7270054F3C0 /* ExampleHealthKit WatchKit App.app */;
			productType = "com.apple.product-type.application.watchapp2";
		};
		21F2315725D1A7290054F3C0 /* ExampleHealthKit WatchKit Extension */ = {
			isa = PBXNativeTarget;
			buildConfigurationList = 21F2316B25D1A72A0054F3C0 /* Build configuration list for PBXNativeTarget "ExampleHealthKit WatchKit Extension" */;
			buildPhases = (
				21F2315425D1A7290054F3C0 /* Sources */,
				21F2315525D1A7290054F3C0 /* Frameworks */,
				21F2315625D1A7290054F3C0 /* Resources */,
			);
			buildRules = (
			);
			dependencies = (
			);
			name = "ExampleHealthKit WatchKit Extension";
			productName = "ExampleHealthKit WatchKit Extension";
			productReference = 21F2315825D1A7290054F3C0 /* ExampleHealthKit WatchKit Extension.appex */;
			productType = "com.apple.product-type.watchkit2-extension";
		};
/* End PBXNativeTarget section */

/* Begin PBXProject section */
		21F2314225D1A7270054F3C0 /* Project object */ = {
			isa = PBXProject;
			attributes = {
				LastSwiftUpdateCheck = 1240;
				LastUpgradeCheck = 1240;
				TargetAttributes = {
					21F2314725D1A7270054F3C0 = {
						CreatedOnToolsVersion = 12.4;
					};
					21F2314B25D1A7270054F3C0 = {
						CreatedOnToolsVersion = 12.4;
					};
					21F2315725D1A7290054F3C0 = {
						CreatedOnToolsVersion = 12.4;
					};
				};
			};
			buildConfigurationList = 21F2314525D1A7270054F3C0 /* Build configuration list for PBXProject "ExampleHealthKit" */;
			compatibilityVersion = "Xcode 9.3";
			developmentRegion = en;
			hasScannedForEncodings = 0;
			knownRegions = (
				en,
				Base,
			);
			mainGroup = 21F2314125D1A7270054F3C0;
			productRefGroup = 21F2314925D1A7270054F3C0 /* Products */;
			projectDirPath = "";
			projectRoot = "";
			targets = (
				21F2314725D1A7270054F3C0 /* ExampleHealthKit */,
				21F2314B25D1A7270054F3C0 /* ExampleHealthKit WatchKit App */,
				21F2315725D1A7290054F3C0 /* ExampleHealthKit WatchKit Extension */,
			);
		};
/* End PBXProject section */

/* Begin PBXResourcesBuildPhase section */
		21F2314625D1A7270054F3C0 /* Resources */ = {
			isa = PBXResourcesBuildPhase;
			buildActionMask = 2147483647;
			files = (
			);
			runOnlyForDeploymentPostprocessing = 0;
		};
		21F2314A25D1A7270054F3C0 /* Resources */ = {
			isa = PBXResourcesBuildPhase;
			buildActionMask = 2147483647;
			files = (
				21F2315225D1A7290054F3C0 /* Assets.xcassets in Resources */,
			);
			runOnlyForDeploymentPostprocessing = 0;
		};
		21F2315625D1A7290054F3C0 /* Resources */ = {
			isa = PBXResourcesBuildPhase;
			buildActionMask = 2147483647;
			files = (
				21F2316725D1A72A0054F3C0 /* Preview Assets.xcassets in Resources */,
				21F2316425D1A72A0054F3C0 /* Assets.xcassets in Resources */,
			);
			runOnlyForDeploymentPostprocessing = 0;
		};
/* End PBXResourcesBuildPhase section */

/* Begin PBXSourcesBuildPhase section */
		21F2315425D1A7290054F3C0 /* Sources */ = {
			isa = PBXSourcesBuildPhase;
			buildActionMask = 2147483647;
			files = (
				21F2315E25D1A7290054F3C0 /* ContentView.swift in Sources */,
				21F2316025D1A7290054F3C0 /* ExampleHealthKitApp.swift in Sources */,
				21F2316225D1A7290054F3C0 /* ComplicationController.swift in Sources */,
				21F2319325D28F1E0054F3C0 /* StepList.swift in Sources */,
			);
			runOnlyForDeploymentPostprocessing = 0;
		};
/* End PBXSourcesBuildPhase section */

/* Begin PBXTargetDependency section */
		21F2314F25D1A7270054F3C0 /* PBXTargetDependency */ = {
			isa = PBXTargetDependency;
			target = 21F2314B25D1A7270054F3C0 /* ExampleHealthKit WatchKit App */;
			targetProxy = 21F2314E25D1A7270054F3C0 /* PBXContainerItemProxy */;
		};
		21F2315B25D1A7290054F3C0 /* PBXTargetDependency */ = {
			isa = PBXTargetDependency;
			target = 21F2315725D1A7290054F3C0 /* ExampleHealthKit WatchKit Extension */;
			targetProxy = 21F2315A25D1A7290054F3C0 /* PBXContainerItemProxy */;
		};
/* End PBXTargetDependency section */

/* Begin XCBuildConfiguration section */
		21F2316925D1A72A0054F3C0 /* Debug */ = {
			isa = XCBuildConfiguration;
			buildSettings = {
				ALWAYS_SEARCH_USER_PATHS = NO;
				CLANG_ANALYZER_NONNULL = YES;
				CLANG_ANALYZER_NUMBER_OBJECT_CONVERSION = YES_AGGRESSIVE;
				CLANG_CXX_LANGUAGE_STANDARD = "gnu++14";
				CLANG_CXX_LIBRARY = "libc++";
				CLANG_ENABLE_MODULES = YES;
				CLANG_ENABLE_OBJC_ARC = YES;
				CLANG_ENABLE_OBJC_WEAK = YES;
				CLANG_WARN_BLOCK_CAPTURE_AUTORELEASING = YES;
				CLANG_WARN_BOOL_CONVERSION = YES;
				CLANG_WARN_COMMA = YES;
				CLANG_WARN_CONSTANT_CONVERSION = YES;
				CLANG_WARN_DEPRECATED_OBJC_IMPLEMENTATIONS = YES;
				CLANG_WARN_DIRECT_OBJC_ISA_USAGE = YES_ERROR;
				CLANG_WARN_DOCUMENTATION_COMMENTS = YES;
				CLANG_WARN_EMPTY_BODY = YES;
				CLANG_WARN_ENUM_CONVERSION = YES;
				CLANG_WARN_INFINITE_RECURSION = YES;
				CLANG_WARN_INT_CONVERSION = YES;
				CLANG_WARN_NON_LITERAL_NULL_CONVERSION = YES;
				CLANG_WARN_OBJC_IMPLICIT_RETAIN_SELF = YES;
				CLANG_WARN_OBJC_LITERAL_CONVERSION = YES;
				CLANG_WARN_OBJC_ROOT_CLASS = YES_ERROR;
				CLANG_WARN_QUOTED_INCLUDE_IN_FRAMEWORK_HEADER = YES;
				CLANG_WARN_RANGE_LOOP_ANALYSIS = YES;
				CLANG_WARN_STRICT_PROTOTYPES = YES;
				CLANG_WARN_SUSPICIOUS_MOVE = YES;
				CLANG_WARN_UNGUARDED_AVAILABILITY = YES_AGGRESSIVE;
				CLANG_WARN_UNREACHABLE_CODE = YES;
				CLANG_WARN__DUPLICATE_METHOD_MATCH = YES;
				COPY_PHASE_STRIP = NO;
				DEBUG_INFORMATION_FORMAT = dwarf;
				ENABLE_STRICT_OBJC_MSGSEND = YES;
				ENABLE_TESTABILITY = YES;
				GCC_C_LANGUAGE_STANDARD = gnu11;
				GCC_DYNAMIC_NO_PIC = NO;
				GCC_NO_COMMON_BLOCKS = YES;
				GCC_OPTIMIZATION_LEVEL = 0;
				GCC_PREPROCESSOR_DEFINITIONS = (
					"DEBUG=1",
					"$(inherited)",
				);
				GCC_WARN_64_TO_32_BIT_CONVERSION = YES;
				GCC_WARN_ABOUT_RETURN_TYPE = YES_ERROR;
				GCC_WARN_UNDECLARED_SELECTOR = YES;
				GCC_WARN_UNINITIALIZED_AUTOS = YES_AGGRESSIVE;
				GCC_WARN_UNUSED_FUNCTION = YES;
				GCC_WARN_UNUSED_VARIABLE = YES;
				MTL_ENABLE_DEBUG_INFO = INCLUDE_SOURCE;
				MTL_FAST_MATH = YES;
				ONLY_ACTIVE_ARCH = YES;
				SDKROOT = iphoneos;
				SWIFT_ACTIVE_COMPILATION_CONDITIONS = DEBUG;
				SWIFT_OPTIMIZATION_LEVEL = "-Onone";
			};
			name = Debug;
		};
		21F2316A25D1A72A0054F3C0 /* Release */ = {
			isa = XCBuildConfiguration;
			buildSettings = {
				ALWAYS_SEARCH_USER_PATHS = NO;
				CLANG_ANALYZER_NONNULL = YES;
				CLANG_ANALYZER_NUMBER_OBJECT_CONVERSION = YES_AGGRESSIVE;
				CLANG_CXX_LANGUAGE_STANDARD = "gnu++14";
				CLANG_CXX_LIBRARY = "libc++";
				CLANG_ENABLE_MODULES = YES;
				CLANG_ENABLE_OBJC_ARC = YES;
				CLANG_ENABLE_OBJC_WEAK = YES;
				CLANG_WARN_BLOCK_CAPTURE_AUTORELEASING = YES;
				CLANG_WARN_BOOL_CONVERSION = YES;
				CLANG_WARN_COMMA = YES;
				CLANG_WARN_CONSTANT_CONVERSION = YES;
				CLANG_WARN_DEPRECATED_OBJC_IMPLEMENTATIONS = YES;
				CLANG_WARN_DIRECT_OBJC_ISA_USAGE = YES_ERROR;
				CLANG_WARN_DOCUMENTATION_COMMENTS = YES;
				CLANG_WARN_EMPTY_BODY = YES;
				CLANG_WARN_ENUM_CONVERSION = YES;
				CLANG_WARN_INFINITE_RECURSION = YES;
				CLANG_WARN_INT_CONVERSION = YES;
				CLANG_WARN_NON_LITERAL_NULL_CONVERSION = YES;
				CLANG_WARN_OBJC_IMPLICIT_RETAIN_SELF = YES;
				CLANG_WARN_OBJC_LITERAL_CONVERSION = YES;
				CLANG_WARN_OBJC_ROOT_CLASS = YES_ERROR;
				CLANG_WARN_QUOTED_INCLUDE_IN_FRAMEWORK_HEADER = YES;
				CLANG_WARN_RANGE_LOOP_ANALYSIS = YES;
				CLANG_WARN_STRICT_PROTOTYPES = YES;
				CLANG_WARN_SUSPICIOUS_MOVE = YES;
				CLANG_WARN_UNGUARDED_AVAILABILITY = YES_AGGRESSIVE;
				CLANG_WARN_UNREACHABLE_CODE = YES;
				CLANG_WARN__DUPLICATE_METHOD_MATCH = YES;
				COPY_PHASE_STRIP = NO;
				DEBUG_INFORMATION_FORMAT = "dwarf-with-dsym";
				ENABLE_NS_ASSERTIONS = NO;
				ENABLE_STRICT_OBJC_MSGSEND = YES;
				GCC_C_LANGUAGE_STANDARD = gnu11;
				GCC_NO_COMMON_BLOCKS = YES;
				GCC_WARN_64_TO_32_BIT_CONVERSION = YES;
				GCC_WARN_ABOUT_RETURN_TYPE = YES_ERROR;
				GCC_WARN_UNDECLARED_SELECTOR = YES;
				GCC_WARN_UNINITIALIZED_AUTOS = YES_AGGRESSIVE;
				GCC_WARN_UNUSED_FUNCTION = YES;
				GCC_WARN_UNUSED_VARIABLE = YES;
				MTL_ENABLE_DEBUG_INFO = NO;
				MTL_FAST_MATH = YES;
				SDKROOT = iphoneos;
				SWIFT_COMPILATION_MODE = wholemodule;
				SWIFT_OPTIMIZATION_LEVEL = "-O";
				VALIDATE_PRODUCT = YES;
			};
			name = Release;
		};
		21F2316C25D1A72A0054F3C0 /* Debug */ = {
			isa = XCBuildConfiguration;
			buildSettings = {
				ASSETCATALOG_COMPILER_COMPLICATION_NAME = Complication;
				CODE_SIGN_ENTITLEMENTS = "ExampleHealthKit WatchKit Extension/ExampleHealthKit WatchKit Extension.entitlements";
				CODE_SIGN_STYLE = Automatic;
				DEVELOPMENT_ASSET_PATHS = "\"ExampleHealthKit WatchKit Extension/Preview Content\"";
				DEVELOPMENT_TEAM = 9M6ZCW9M2S;
				ENABLE_PREVIEWS = YES;
				INFOPLIST_FILE = "ExampleHealthKit WatchKit Extension/Info.plist";
				LD_RUNPATH_SEARCH_PATHS = (
					"$(inherited)",
					"@executable_path/Frameworks",
					"@executable_path/../../Frameworks",
				);
				PRODUCT_BUNDLE_IDENTIFIER = com.mil.ExampleHealthKit.watchkitapp.watchkitextension;
				PRODUCT_NAME = "${TARGET_NAME}";
				SDKROOT = watchos;
				SKIP_INSTALL = YES;
				SWIFT_VERSION = 5.0;
				TARGETED_DEVICE_FAMILY = 4;
				WATCHOS_DEPLOYMENT_TARGET = 7.2;
			};
			name = Debug;
		};
		21F2316D25D1A72A0054F3C0 /* Release */ = {
			isa = XCBuildConfiguration;
			buildSettings = {
				ASSETCATALOG_COMPILER_COMPLICATION_NAME = Complication;
				CODE_SIGN_ENTITLEMENTS = "ExampleHealthKit WatchKit Extension/ExampleHealthKit WatchKit Extension.entitlements";
				CODE_SIGN_STYLE = Automatic;
				DEVELOPMENT_ASSET_PATHS = "\"ExampleHealthKit WatchKit Extension/Preview Content\"";
				DEVELOPMENT_TEAM = 9M6ZCW9M2S;
				ENABLE_PREVIEWS = YES;
				INFOPLIST_FILE = "ExampleHealthKit WatchKit Extension/Info.plist";
				LD_RUNPATH_SEARCH_PATHS = (
					"$(inherited)",
					"@executable_path/Frameworks",
					"@executable_path/../../Frameworks",
				);
				PRODUCT_BUNDLE_IDENTIFIER = com.mil.ExampleHealthKit.watchkitapp.watchkitextension;
				PRODUCT_NAME = "${TARGET_NAME}";
				SDKROOT = watchos;
				SKIP_INSTALL = YES;
				SWIFT_VERSION = 5.0;
				TARGETED_DEVICE_FAMILY = 4;
				WATCHOS_DEPLOYMENT_TARGET = 7.2;
			};
			name = Release;
		};
		21F2317025D1A72A0054F3C0 /* Debug */ = {
			isa = XCBuildConfiguration;
			buildSettings = {
				ALWAYS_EMBED_SWIFT_STANDARD_LIBRARIES = YES;
				ASSETCATALOG_COMPILER_APPICON_NAME = AppIcon;
				ASSETCATALOG_COMPILER_GLOBAL_ACCENT_COLOR_NAME = AccentColor;
				CODE_SIGN_STYLE = Automatic;
				DEVELOPMENT_TEAM = 9M6ZCW9M2S;
				IBSC_MODULE = ExampleHealthKit_WatchKit_Extension;
				INFOPLIST_FILE = "ExampleHealthKit WatchKit App/Info.plist";
				PRODUCT_BUNDLE_IDENTIFIER = com.mil.ExampleHealthKit.watchkitapp;
				PRODUCT_NAME = "$(TARGET_NAME)";
				SDKROOT = watchos;
				SKIP_INSTALL = YES;
				SWIFT_VERSION = 5.0;
				TARGETED_DEVICE_FAMILY = 4;
				WATCHOS_DEPLOYMENT_TARGET = 7.2;
			};
			name = Debug;
		};
		21F2317125D1A72A0054F3C0 /* Release */ = {
			isa = XCBuildConfiguration;
			buildSettings = {
				ALWAYS_EMBED_SWIFT_STANDARD_LIBRARIES = YES;
				ASSETCATALOG_COMPILER_APPICON_NAME = AppIcon;
				ASSETCATALOG_COMPILER_GLOBAL_ACCENT_COLOR_NAME = AccentColor;
				CODE_SIGN_STYLE = Automatic;
				DEVELOPMENT_TEAM = 9M6ZCW9M2S;
				IBSC_MODULE = ExampleHealthKit_WatchKit_Extension;
				INFOPLIST_FILE = "ExampleHealthKit WatchKit App/Info.plist";
				PRODUCT_BUNDLE_IDENTIFIER = com.mil.ExampleHealthKit.watchkitapp;
				PRODUCT_NAME = "$(TARGET_NAME)";
				SDKROOT = watchos;
				SKIP_INSTALL = YES;
				SWIFT_VERSION = 5.0;
				TARGETED_DEVICE_FAMILY = 4;
				WATCHOS_DEPLOYMENT_TARGET = 7.2;
			};
			name = Release;
		};
		21F2317425D1A72A0054F3C0 /* Debug */ = {
			isa = XCBuildConfiguration;
			buildSettings = {
				CODE_SIGN_STYLE = Automatic;
				CURRENT_PROJECT_VERSION = 1;
				DEVELOPMENT_TEAM = 9M6ZCW9M2S;
				MARKETING_VERSION = 1.0;
				PRODUCT_BUNDLE_IDENTIFIER = com.mil.ExampleHealthKit;
				PRODUCT_NAME = "$(TARGET_NAME)";
				SWIFT_VERSION = 5.0;
			};
			name = Debug;
		};
		21F2317525D1A72A0054F3C0 /* Release */ = {
			isa = XCBuildConfiguration;
			buildSettings = {
				CODE_SIGN_STYLE = Automatic;
				CURRENT_PROJECT_VERSION = 1;
				DEVELOPMENT_TEAM = 9M6ZCW9M2S;
				MARKETING_VERSION = 1.0;
				PRODUCT_BUNDLE_IDENTIFIER = com.mil.ExampleHealthKit;
				PRODUCT_NAME = "$(TARGET_NAME)";
				SWIFT_VERSION = 5.0;
			};
			name = Release;
		};
/* End XCBuildConfiguration section */

/* Begin XCConfigurationList section */
		21F2314525D1A7270054F3C0 /* Build configuration list for PBXProject "ExampleHealthKit" */ = {
			isa = XCConfigurationList;
			buildConfigurations = (
				21F2316925D1A72A0054F3C0 /* Debug */,
				21F2316A25D1A72A0054F3C0 /* Release */,
			);
			defaultConfigurationIsVisible = 0;
			defaultConfigurationName = Release;
		};
		21F2316B25D1A72A0054F3C0 /* Build configuration list for PBXNativeTarget "ExampleHealthKit WatchKit Extension" */ = {
			isa = XCConfigurationList;
			buildConfigurations = (
				21F2316C25D1A72A0054F3C0 /* Debug */,
				21F2316D25D1A72A0054F3C0 /* Release */,
			);
			defaultConfigurationIsVisible = 0;
			defaultConfigurationName = Release;
		};
		21F2316F25D1A72A0054F3C0 /* Build configuration list for PBXNativeTarget "ExampleHealthKit WatchKit App" */ = {
			isa = XCConfigurationList;
			buildConfigurations = (
				21F2317025D1A72A0054F3C0 /* Debug */,
				21F2317125D1A72A0054F3C0 /* Release */,
			);
			defaultConfigurationIsVisible = 0;
			defaultConfigurationName = Release;
		};
		21F2317325D1A72A0054F3C0 /* Build configuration list for PBXNativeTarget "ExampleHealthKit" */ = {
			isa = XCConfigurationList;
			buildConfigurations = (
				21F2317425D1A72A0054F3C0 /* Debug */,
				21F2317525D1A72A0054F3C0 /* Release */,
			);
			defaultConfigurationIsVisible = 0;
			defaultConfigurationName = Release;
		};
/* End XCConfigurationList section */
	};
	rootObject = 21F2314225D1A7270054F3C0 /* Project object */;
}
